
Microsoft Visual Studio Solution File, Format Version 12.00
# Visual Studio Version 17
VisualStudioVersion = 17.9.34616.47
MinimumVisualStudioVersion = 10.0.40219.1
Project("{FAE04EC0-301F-11D3-BF4B-00C04F79EFBC}") = "validaCnpj", "validaCnpj\validaCnpj.csproj", "{6E5BD66D-E4ED-4ABD-8F6B-255D8C0008D1}"
EndProject
Global
	GlobalSection(SolutionConfigurationPlatforms) = preSolution
		Debug|Any CPU = Debug|Any CPU
		Release|Any CPU = Release|Any CPU
	EndGlobalSection
	GlobalSection(ProjectConfigurationPlatforms) = postSolution
		{6E5BD66D-E4ED-4ABD-8F6B-255D8C0008D1}.Debug|Any CPU.ActiveCfg = Debug|Any CPU
		{6E5BD66D-E4ED-4ABD-8F6B-255D8C0008D1}.Debug|Any CPU.Build.0 = Debug|Any CPU
		{6E5BD66D-E4ED-4ABD-8F6B-255D8C0008D1}.Release|Any CPU.ActiveCfg = Release|Any CPU
		{6E5BD66D-E4ED-4ABD-8F6B-255D8C0008D1}.Release|Any CPU.Build.0 = Release|Any CPU
	EndGlobalSection
	GlobalSection(SolutionProperties) = preSolution
		HideSolutionNode = FALSE
	EndGlobalSection
	GlobalSection(ExtensibilityGlobals) = postSolution
		SolutionGuid = {E2B1DBFD-6DEC-496A-AD22-9ECF48DA713C}
	EndGlobalSection
EndGlobal
